
Microsoft Visual Studio Solution File, Format Version 12.00
# Visual Studio 2012
Project("{D954291E-2A0B-460D-934E-DC6B0785DB48}") = "Shared", "Shared\Shared.shproj", "{8B6DCAB8-A527-43F0-BB1D-5818EEB0F99E}"
EndProject
Project("{FAE04EC0-301F-11D3-BF4B-00C04F79EFBC}") = "AndroidProject", "AndroidProject\AndroidProject.csproj", "{95BD1A90-FB21-479F-A7C1-207E403837C2}"
EndProject
Global
	GlobalSection(SolutionConfigurationPlatforms) = preSolution
		Debug|Any CPU = Debug|Any CPU
		Release|Any CPU = Release|Any CPU
	EndGlobalSection
	GlobalSection(ProjectConfigurationPlatforms) = postSolution
		{95BD1A90-FB21-479F-A7C1-207E403837C2}.Debug|Any CPU.ActiveCfg = Debug|Any CPU
		{95BD1A90-FB21-479F-A7C1-207E403837C2}.Debug|Any CPU.Build.0 = Debug|Any CPU
		{95BD1A90-FB21-479F-A7C1-207E403837C2}.Release|Any CPU.ActiveCfg = Release|Any CPU
		{95BD1A90-FB21-479F-A7C1-207E403837C2}.Release|Any CPU.Build.0 = Release|Any CPU
	EndGlobalSection
EndGlobal
